hash: af4e7e17feb817acaba516132adf2e9222568a807b727f3141b6b1dc5bbd3dbd
updated: 2016-03-24T15:52:12.484408638+11:00
imports:
- name: collectd.org
  version: 9fc824c70f713ea0f058a07b49a4c563ef2a3b98
  subpackages:
  - api
  - network
  - cdtime
- name: github.com/armon/go-metrics
  version: 345426c77237ece5dab0e1605c3e4b35c3f54757
- name: github.com/asaskevich/govalidator
  version: 5208815a79dd0135690e0d716d4663c2fbd41ac4
- name: github.com/bmizerany/pat
  version: b8a35001b773c267eb260a691f4e5499a3531600
- name: github.com/boltdb/bolt
  version: 2f846c3551b76d7710f159be840d66c3d064abbe
- name: github.com/BurntSushi/toml
  version: a4eecd407cf4129fc902ece859a0114e4cf1a7f4
- name: github.com/denisenkom/go-mssqldb
  version: 6e7f3d73dade2e5566f87d18c3a1d00d2ce33421
- name: github.com/dgryski/go-bits
  version: 86c69b3c986f9d40065df5bd8f765796549eef2e
- name: github.com/dgryski/go-bitstream
  version: 27cd5973303fde7d914860be1ea4b927a6be0c92
- name: github.com/dustin/go-broadcast
  version: 3bdf6d4a7164a50bc19d5f230e2981d87d2584f1
- name: github.com/gin-gonic/gin
  version: 4a6bc4aac4607e253bcda67c8c5bcda693d2388e
  subpackages:
  - binding
  - render
- name: github.com/go-sql-driver/mysql
  version: 66312f7fe2678aa0f5ec770f96702f4c4ec5aa8e
- name: github.com/gogo/protobuf
  version: 82d16f734d6d871204a3feb1a73cb220cc92574c
  subpackages:
  - proto
- name: github.com/golang/protobuf
  version: 2402d76f3d41f928c7902a765dfc872356dd3aad
  subpackages:
  - proto
  - proto/testdata
  - protoc-gen-go/generator
  - protoc-gen-go/internal/grpc
  - protoc-gen-go/descriptor
  - protoc-gen-go/plugin
- name: github.com/golang/snappy
  version: 5979233c5d6225d4a8e438cdd0b411888449ddab
- name: github.com/gorilla/context
  version: 1ea25387ff6f684839d82767c1733ff4d4d15d0a
- name: github.com/gorilla/securecookie
  version: 8dacca26977607e637262eb66b15b7d39f2d3009
- name: github.com/gorilla/sessions
  version: 8cd570d8b4ed84b18bca9d8c3ae2db55885ccd8b
- name: github.com/hashicorp/go-msgpack
  version: fa3f63826f7c23912c15263591e65d54d080b458
  subpackages:
  - codec
- name: github.com/hashicorp/raft
  version: 8fd9a2fdfd154f4b393aa24cff91e3c317efe839
- name: github.com/hashicorp/raft-boltdb
  version: d1e82c1ec3f15ee991f7cc7ffd5b67ff6f5bbaee
- name: github.com/influxdata/influxdb
  version: e42e1f887a65f956b5809c890a5087c71dc36bef
  subpackages:
  - client
  - models
  - cluster/internal
  - influxql
  - services/meta
  - toml
  - tsdb
  - cmd/influx/cli
  - cluster
  - importer/v8
  - tsdb/engine
  - tsdb/engine/tsm1
  - stress
  - cmd/influx_tsm/b1
  - cmd/influx_tsm/bz1
  - cmd/influx_tsm/tsdb
  - cmd/influx_tsm/tsdb/internal
  - pkg/slices
  - cmd/influxd/backup
  - cmd/influxd/help
  - cmd/influxd/restore
  - cmd/influxd/run
  - services/snapshotter
  - tcp
  - monitor
  - services/admin
  - services/collectd
  - services/continuous_querier
  - services/copier
  - services/graphite
  - services/hh
  - services/httpd
  - services/opentsdb
  - services/precreator
  - services/retention
  - services/subscriber
  - services/udp
  - influxql/internal
  - pkg/escape
  - statik
  - services/copier/internal
  - uuid
  - services/meta/internal
  - client/v2
  - tsdb/internal
  - cmd/influx_tsm/stats
  - monitor/diagnostics
  - services/admin/statik
- name: github.com/influxdata/usage-client
  version: 475977e68d79883d9c8d67131c84e4241523f452
  subpackages:
  - v1
- name: github.com/jinzhu/gorm
  version: 2530dcbccd9c9ff7ce5a903e01bbf8601b726112
- name: github.com/jinzhu/inflection
  version: 3272df6c21d04180007eb3349844c89a3856bc25
- name: github.com/jinzhu/now
  version: ce80572eb55aa0ac839330041ca9db1afa5f1f6c
- name: github.com/jwilder/encoding
  version: 07d88d4f35eec497617bee0c7bfe651a796dae13
  subpackages:
  - simple8b
- name: github.com/keighl/mandrill
  version: 5d7133fb578a9504f8ab549737c993422f65a000
- name: github.com/kimor79/gollectd
  version: 61d0deeb4ffcc167b2a1baa8efd72365692811bc
- name: github.com/lib/pq
  version: 3cd0097429be7d611bb644ef85b42bfb102ceea4
  subpackages:
  - hstore
  - oid
- name: github.com/manucorporat/sse
  version: ee05b128a739a0fb76c7ebd3ae4810c1de808d6d
- name: github.com/manucorporat/stats
  version: 8f2d6ace262eba462e9beb552382c98be51d807b
- name: github.com/mattn/go-colorable
  version: 9cbef7c35391cca05f15f8181dc0b18bc9736dbb
- name: github.com/mattn/go-isatty
  version: 56b76bdf51f7708750eac80fa38b952bb9f32639
- name: github.com/mattn/go-sqlite3
  version: 76e335f60bbcee20755df9864f0153af1a80ad2d
- name: github.com/microcosm-cc/bluemonday
  version: 4ac6f27528d0a3f2a59e0b0a6f6b3ff0bb89fe20
- name: github.com/onsi/gomega
  version: 7ce781ea776b2fd506491011353bded2e40c8467
  subpackages:
  - internal/assertion
  - internal/asyncassertion
  - internal/testingtsupport
  - matchers
  - types
  - format
  - gbytes
  - internal/oraclematcher
  - matchers/support/goraph/bipartitegraph
  - matchers/support/goraph/edge
  - matchers/support/goraph/node
  - matchers/support/goraph/util
- name: github.com/Pallinder/go-randomdata
  version: 4134a721d6473f81816b1799866bf3e553a9b8d4
- name: github.com/paulbellamy/ratecounter
  version: 5a11f585a31379765c190c033b6ad39956584447
- name: github.com/peterh/liner
  version: ad1edfd30321d8f006ccf05f1e0524adeb943060
- name: github.com/qor/admin
  version: c22304d72272204d67c391eeb49b9dd10554d810
- name: github.com/qor/qor
  version: 7f5e5de01ed27c619972576d07e6b44eafea4fd1
  subpackages:
  - resource
  - utils
- name: github.com/qor/responder
  version: ecae0be66c1a6a441001b0b5eeef51f8bc27d42a
- name: github.com/qor/roles
  version: f1e05694734518c0ce2dc21151e0ecfccf4db8f4
- name: github.com/qor/validations
  version: 87c1296c75e72a8f3247beab65c48c50b7b66a7a
- name: github.com/rakyll/statik
  version: 274df120e9065bdd08eb1120e0375e3dc1ae8465
  subpackages:
  - fs
- name: github.com/sclevine/agouti
  version: e5378e70dca437a9e16cc6d71a85aa0045dd94c7
  subpackages:
  - api
  - internal/element
  - internal/target
  - api/internal/bus
  - api/internal/service
  - api/mobile
  - matchers/internal
  - matchers/internal/colorparser
- name: github.com/theplant/cldr
  version: 64729303fab25fdd26f3fe38027047c0e4198e5b
  subpackages:
  - resources/locales/af
  - resources/locales/af_NA
  - resources/locales/agq
  - resources/locales/ak
  - resources/locales/am
  - resources/locales/ar
  - resources/locales/ar_AE
  - resources/locales/ar_DJ
  - resources/locales/ar_DZ
  - resources/locales/ar_EH
  - resources/locales/ar_ER
  - resources/locales/ar_LB
  - resources/locales/ar_LY
  - resources/locales/ar_MA
  - resources/locales/ar_MR
  - resources/locales/ar_SO
  - resources/locales/ar_SS
  - resources/locales/ar_TN
  - resources/locales/as
  - resources/locales/asa
  - resources/locales/ast
  - resources/locales/az
  - resources/locales/az_Cyrl
  - resources/locales/bas
  - resources/locales/be
  - resources/locales/bem
  - resources/locales/bez
  - resources/locales/bg
  - resources/locales/bm
  - resources/locales/bn
  - resources/locales/bo
  - resources/locales/bo_IN
  - resources/locales/br
  - resources/locales/brx
  - resources/locales/bs
  - resources/locales/bs_Cyrl
  - resources/locales/ca
  - resources/locales/ca_ES_VALENCIA
  - resources/locales/ca_FR
  - resources/locales/cgg
  - resources/locales/chr
  - resources/locales/cs
  - resources/locales/cy
  - resources/locales/da
  - resources/locales/dav
  - resources/locales/de
  - resources/locales/de_AT
  - resources/locales/de_CH
  - resources/locales/de_LI
  - resources/locales/de_LU
  - resources/locales/dje
  - resources/locales/dsb
  - resources/locales/dua
  - resources/locales/dyo
  - resources/locales/dz
  - resources/locales/ebu
  - resources/locales/ee
  - resources/locales/el
  - resources/locales/en
  - resources/locales/en_001
  - resources/locales/en_150
  - resources/locales/en_AG
  - resources/locales/en_AI
  - resources/locales/en_AU
  - resources/locales/en_BB
  - resources/locales/en_BE
  - resources/locales/en_BM
  - resources/locales/en_BS
  - resources/locales/en_BW
  - resources/locales/en_BZ
  - resources/locales/en_CA
  - resources/locales/en_CC
  - resources/locales/en_CK
  - resources/locales/en_CX
  - resources/locales/en_DM
  - resources/locales/en_ER
  - resources/locales/en_FJ
  - resources/locales/en_FK
  - resources/locales/en_GB
  - resources/locales/en_GD
  - resources/locales/en_GH
  - resources/locales/en_GI
  - resources/locales/en_GM
  - resources/locales/en_GY
  - resources/locales/en_IN
  - resources/locales/en_JM
  - resources/locales/en_KE
  - resources/locales/en_KI
  - resources/locales/en_KN
  - resources/locales/en_KY
  - resources/locales/en_LC
  - resources/locales/en_LR
  - resources/locales/en_LS
  - resources/locales/en_MG
  - resources/locales/en_MO
  - resources/locales/en_MS
  - resources/locales/en_MT
  - resources/locales/en_MU
  - resources/locales/en_MW
  - resources/locales/en_MY
  - resources/locales/en_NA
  - resources/locales/en_NF
  - resources/locales/en_NG
  - resources/locales/en_NR
  - resources/locales/en_NU
  - resources/locales/en_NZ
  - resources/locales/en_PG
  - resources/locales/en_PH
  - resources/locales/en_PK
  - resources/locales/en_PN
  - resources/locales/en_RW
  - resources/locales/en_SB
  - resources/locales/en_SC
  - resources/locales/en_SG
  - resources/locales/en_SH
  - resources/locales/en_SL
  - resources/locales/en_SS
  - resources/locales/en_SX
  - resources/locales/en_SZ
  - resources/locales/en_TK
  - resources/locales/en_TO
  - resources/locales/en_TT
  - resources/locales/en_TV
  - resources/locales/en_TZ
  - resources/locales/en_UG
  - resources/locales/en_US_POSIX
  - resources/locales/en_VC
  - resources/locales/en_VU
  - resources/locales/en_WS
  - resources/locales/en_ZA
  - resources/locales/en_ZM
  - resources/locales/eo
  - resources/locales/es
  - resources/locales/es_419
  - resources/locales/es_AR
  - resources/locales/es_BO
  - resources/locales/es_CL
  - resources/locales/es_CO
  - resources/locales/es_CR
  - resources/locales/es_CU
  - resources/locales/es_DO
  - resources/locales/es_EC
  - resources/locales/es_GQ
  - resources/locales/es_GT
  - resources/locales/es_HN
  - resources/locales/es_MX
  - resources/locales/es_NI
  - resources/locales/es_PA
  - resources/locales/es_PE
  - resources/locales/es_PH
  - resources/locales/es_PR
  - resources/locales/es_PY
  - resources/locales/es_SV
  - resources/locales/es_US
  - resources/locales/es_UY
  - resources/locales/es_VE
  - resources/locales/et
  - resources/locales/eu
  - resources/locales/ewo
  - resources/locales/fa
  - resources/locales/fa_AF
  - resources/locales/ff
  - resources/locales/ff_GN
  - resources/locales/ff_MR
  - resources/locales/fi
  - resources/locales/fil
  - resources/locales/fo
  - resources/locales/fr
  - resources/locales/fr_BE
  - resources/locales/fr_BI
  - resources/locales/fr_CA
  - resources/locales/fr_CD
  - resources/locales/fr_CH
  - resources/locales/fr_DJ
  - resources/locales/fr_DZ
  - resources/locales/fr_GN
  - resources/locales/fr_HT
  - resources/locales/fr_KM
  - resources/locales/fr_LU
  - resources/locales/fr_MG
  - resources/locales/fr_MR
  - resources/locales/fr_MU
  - resources/locales/fr_RW
  - resources/locales/fr_SC
  - resources/locales/fr_SY
  - resources/locales/fr_TN
  - resources/locales/fr_VU
  - resources/locales/fur
  - resources/locales/fy
  - resources/locales/ga
  - resources/locales/gd
  - resources/locales/gl
  - resources/locales/gsw
  - resources/locales/gu
  - resources/locales/guz
  - resources/locales/gv
  - resources/locales/ha
  - resources/locales/ha_Latn_GH
  - resources/locales/haw
  - resources/locales/he
  - resources/locales/hi
  - resources/locales/hr
  - resources/locales/hr_BA
  - resources/locales/hsb
  - resources/locales/hu
  - resources/locales/hy
  - resources/locales/id
  - resources/locales/ig
  - resources/locales/ii
  - resources/locales/is
  - resources/locales/it
  - resources/locales/it_CH
  - resources/locales/ja
  - resources/locales/jgo
  - resources/locales/jmc
  - resources/locales/ka
  - resources/locales/kab
  - resources/locales/kam
  - resources/locales/kde
  - resources/locales/kea
  - resources/locales/khq
  - resources/locales/ki
  - resources/locales/kk
  - resources/locales/kkj
  - resources/locales/kl
  - resources/locales/kln
  - resources/locales/km
  - resources/locales/kn
  - resources/locales/ko
  - resources/locales/kok
  - resources/locales/ks
  - resources/locales/ksb
  - resources/locales/ksf
  - resources/locales/ksh
  - resources/locales/kw
  - resources/locales/ky
  - resources/locales/lag
  - resources/locales/lb
  - resources/locales/lg
  - resources/locales/lkt
  - resources/locales/ln
  - resources/locales/ln_AO
  - resources/locales/lo
  - resources/locales/lt
  - resources/locales/lu
  - resources/locales/luo
  - resources/locales/luy
  - resources/locales/lv
  - resources/locales/mas
  - resources/locales/mas_TZ
  - resources/locales/mer
  - resources/locales/mfe
  - resources/locales/mg
  - resources/locales/mgh
  - resources/locales/mgo
  - resources/locales/mk
  - resources/locales/ml
  - resources/locales/mn
  - resources/locales/mr
  - resources/locales/ms
  - resources/locales/ms_Latn_BN
  - resources/locales/ms_Latn_SG
  - resources/locales/mt
  - resources/locales/mua
  - resources/locales/my
  - resources/locales/naq
  - resources/locales/nb
  - resources/locales/nd
  - resources/locales/ne
  - resources/locales/nl
  - resources/locales/nl_AW
  - resources/locales/nl_BE
  - resources/locales/nl_BQ
  - resources/locales/nl_CW
  - resources/locales/nl_SR
  - resources/locales/nl_SX
  - resources/locales/nmg
  - resources/locales/nn
  - resources/locales/nnh
  - resources/locales/nus
  - resources/locales/nyn
  - resources/locales/om
  - resources/locales/om_KE
  - resources/locales/or
  - resources/locales/os
  - resources/locales/os_RU
  - resources/locales/pa
  - resources/locales/pa_Arab
  - resources/locales/pl
  - resources/locales/ps
  - resources/locales/pt
  - resources/locales/pt_AO
  - resources/locales/pt_CV
  - resources/locales/pt_MO
  - resources/locales/pt_MZ
  - resources/locales/pt_PT
  - resources/locales/pt_ST
  - resources/locales/qu
  - resources/locales/qu_BO
  - resources/locales/qu_EC
  - resources/locales/rm
  - resources/locales/rn
  - resources/locales/ro
  - resources/locales/ro_MD
  - resources/locales/rof
  - resources/locales/root
  - resources/locales/ru
  - resources/locales/ru_BY
  - resources/locales/ru_KG
  - resources/locales/ru_KZ
  - resources/locales/ru_MD
  - resources/locales/rw
  - resources/locales/rwk
  - resources/locales/sah
  - resources/locales/saq
  - resources/locales/sbp
  - resources/locales/se
  - resources/locales/se_SE
  - resources/locales/seh
  - resources/locales/ses
  - resources/locales/sg
  - resources/locales/shi
  - resources/locales/shi_Latn
  - resources/locales/si
  - resources/locales/sk
  - resources/locales/sl
  - resources/locales/smn
  - resources/locales/sn
  - resources/locales/so
  - resources/locales/so_DJ
  - resources/locales/so_ET
  - resources/locales/so_KE
  - resources/locales/sq
  - resources/locales/sq_MK
  - resources/locales/sr
  - resources/locales/sr_Latn
  - resources/locales/sv
  - resources/locales/sw
  - resources/locales/sw_CD
  - resources/locales/sw_UG
  - resources/locales/ta
  - resources/locales/ta_LK
  - resources/locales/ta_MY
  - resources/locales/ta_SG
  - resources/locales/te
  - resources/locales/teo
  - resources/locales/teo_KE
  - resources/locales/th
  - resources/locales/ti
  - resources/locales/ti_ER
  - resources/locales/to
  - resources/locales/tr
  - resources/locales/twq
  - resources/locales/tzm
  - resources/locales/ug
  - resources/locales/uk
  - resources/locales/ur
  - resources/locales/ur_IN
  - resources/locales/uz
  - resources/locales/uz_Arab
  - resources/locales/uz_Cyrl
  - resources/locales/vai
  - resources/locales/vai_Latn
  - resources/locales/vi
  - resources/locales/vun
  - resources/locales/wae
  - resources/locales/xog
  - resources/locales/yav
  - resources/locales/yi
  - resources/locales/yo
  - resources/locales/yo_BJ
  - resources/locales/zgh
  - resources/locales/zh
  - resources/locales/zh_Hans_HK
  - resources/locales/zh_Hans_MO
  - resources/locales/zh_Hans_SG
  - resources/locales/zh_Hant
  - resources/locales/zh_Hant_HK
  - resources/locales/zh_Hant_MO
  - resources/locales/zu
- name: golang.org/x/crypto
  version: 1f22c0103821b9390939b6776727195525381532
  subpackages:
  - bcrypt
  - blowfish
  - curve25519
  - nacl/secretbox
  - salsa20/salsa
  - poly1305
  - openpgp/armor
  - openpgp/errors
  - openpgp/packet
  - openpgp/s2k
  - cast5
  - openpgp/elgamal
  - pkcs12/internal/rc2
  - pbkdf2
  - ssh
  - md4
- name: golang.org/x/net
  version: f315505cf3349909cdf013ea56690da34e96a451
  subpackages:
  - context
  - html
  - html/atom
  - internal/iana
  - ipv4
  - ipv6
- name: golang.org/x/sys
  version: afce3de5756ca82699128ebae46ac95ad59d6297
  subpackages:
  - unix
  - windows
  - windows/svc
  - windows/registry
  - windows/svc/debug
  - windows/svc/eventlog
  - windows/svc/mgr
- name: golang.org/x/text
  version: 1b466db55e0ba5d56ef5315c728216b42f796491
  subpackages:
  - encoding
  - encoding/charmap
  - encoding/japanese
  - encoding/korean
  - encoding/simplifiedchinese
  - encoding/traditionalchinese
  - encoding/unicode
  - transform
  - encoding/internal/identifier
  - encoding/internal
  - internal/utf8internal
  - runes
- name: gopkg.in/airbrake/gobrake.v1
  version: f12667a6c3bda272083682a04a05ee7a14e55378
- name: gopkg.in/bluesuncorp/validator.v5
  version: d5acf1dac43705f8bfbb71d878e290e2bed3950b
- name: gopkg.in/fatih/pool.v2
  version: cba550ebf9bce999a02e963296d4bc7a486cb715
- name: gopkg.in/go-playground/validator.v8
  version: c193cecd124b5cc722d7ee5538e945bdb3348435
devImports: []
